PODS:
  - BKTimer (1.0.1)
  - SDWebImage (5.1.1):
    - SDWebImage/Core (= 5.1.1)
  - SDWebImage/Core (5.1.1)

DEPENDENCIES:
  - BKTimer (~> 1.0.1)
  - SDWebImage (~> 5.1.0)

SPEC REPOS:
  trunk:
    - BKTimer
    - SDWebImage

SPEC CHECKSUMS:
  BKTimer: 2590f2309f63f63f42e1a16d731481e999e86584
  SDWebImage: 96d7f03415ccb28d299d765f93557ff8a617abd8

PODFILE CHECKSUM: 34b188ae461226913df9e0ef3400d305c6ce8cd1

COCOAPODS: 1.8.4
