// !$*UTF8*$!
{
	archiveVersion = 1;
	classes = {
	};
	objectVersion = 50;
	objects = {

/* Begin PBXBuildFile section */
		1D99FC562350637E00C5A9E5 /* BKCycleScrollView.bundle in Resources */ = {isa = PBXBuildFile; fileRef = 1D99FC482350637E00C5A9E5 /* BKCycleScrollView.bundle */; };
		1D99FC6F2350638D00C5A9E5 /* BKCycleScrollView.h in Headers */ = {isa = PBXBuildFile; fileRef = 1D99FC632350638D00C5A9E5 /* BKCycleScrollView.h */; settings = {ATTRIBUTES = (Public, ); }; };
		1D99FC702350638D00C5A9E5 /* BKCycleScrollPageControl.h in Headers */ = {isa = PBXBuildFile; fileRef = 1D99FC642350638D00C5A9E5 /* BKCycleScrollPageControl.h */; settings = {ATTRIBUTES = (Public, ); }; };
		1D99FC712350638D00C5A9E5 /* BKCycleScrollDataModel.h in Headers */ = {isa = PBXBuildFile; fileRef = 1D99FC652350638D00C5A9E5 /* BKCycleScrollDataModel.h */; settings = {ATTRIBUTES = (Public, ); }; };
		1D99FC722350638D00C5A9E5 /* BKCycleScrollImageView.m in Sources */ = {isa = PBXBuildFile; fileRef = 1D99FC662350638D00C5A9E5 /* BKCycleScrollImageView.m */; };
		1D99FC732350638D00C5A9E5 /* BKCycleScrollView.m in Sources */ = {isa = PBXBuildFile; fileRef = 1D99FC672350638D00C5A9E5 /* BKCycleScrollView.m */; };
		1D99FC742350638D00C5A9E5 /* BKCycleScrollDataModel.m in Sources */ = {isa = PBXBuildFile; fileRef = 1D99FC682350638D00C5A9E5 /* BKCycleScrollDataModel.m */; };
		1D99FC752350638D00C5A9E5 /* BKCycleScrollCollectionViewCell.m in Sources */ = {isa = PBXBuildFile; fileRef = 1D99FC692350638D00C5A9E5 /* BKCycleScrollCollectionViewCell.m */; };
		1D99FC762350638D00C5A9E5 /* BKCycleScrollCollectionViewCell.h in Headers */ = {isa = PBXBuildFile; fileRef = 1D99FC6A2350638D00C5A9E5 /* BKCycleScrollCollectionViewCell.h */; };
		1D99FC772350638D00C5A9E5 /* BKCycleScrollImageView.h in Headers */ = {isa = PBXBuildFile; fileRef = 1D99FC6B2350638D00C5A9E5 /* BKCycleScrollImageView.h */; };
		1D99FC782350638D00C5A9E5 /* BKCycleScrollPageControl.m in Sources */ = {isa = PBXBuildFile; fileRef = 1D99FC6C2350638D00C5A9E5 /* BKCycleScrollPageControl.m */; };
		1D99FC792350638D00C5A9E5 /* BKCycleCollectionViewFlowLayout.m in Sources */ = {isa = PBXBuildFile; fileRef = 1D99FC6D2350638D00C5A9E5 /* BKCycleCollectionViewFlowLayout.m */; };
		1D99FC7A2350638D00C5A9E5 /* BKCycleCollectionViewFlowLayout.h in Headers */ = {isa = PBXBuildFile; fileRef = 1D99FC6E2350638D00C5A9E5 /* BKCycleCollectionViewFlowLayout.h */; };
		85DCE6B79D68E213327763D6 /* Pods_BKCycleScrollView.framework in Frameworks */ = {isa = PBXBuildFile; fileRef = 85DBB94DDFA76A28A5D0E0B9 /* Pods_BKCycleScrollView.framework */; };
/* End PBXBuildFile section */

/* Begin PBXFileReference section */
		1D99FC202350609200C5A9E5 /* BKCycleScrollView.framework */ = {isa = PBXFileReference; explicitFileType = wrapper.framework; includeInIndex = 0; path = BKCycleScrollView.framework; sourceTree = BUILT_PRODUCTS_DIR; };
		1D99FC2B235060B300C5A9E5 /* Info.plist */ = {isa = PBXFileReference; fileEncoding = 4; lastKnownFileType = text.plist.xml; path = Info.plist; sourceTree = "<group>"; };
		1D99FC482350637E00C5A9E5 /* BKCycleScrollView.bundle */ = {isa = PBXFileReference; lastKnownFileType = "wrapper.plug-in"; path = BKCycleScrollView.bundle; sourceTree = "<group>"; };
		1D99FC632350638D00C5A9E5 /* BKCycleScrollView.h */ = {isa = PBXFileReference; fileEncoding = 4; lastKnownFileType = sourcecode.c.h; path = BKCycleScrollView.h; sourceTree = "<group>"; };
		1D99FC642350638D00C5A9E5 /* BKCycleScrollPageControl.h */ = {isa = PBXFileReference; fileEncoding = 4; lastKnownFileType = sourcecode.c.h; path = BKCycleScrollPageControl.h; sourceTree = "<group>"; };
		1D99FC652350638D00C5A9E5 /* BKCycleScrollDataModel.h */ = {isa = PBXFileReference; fileEncoding = 4; lastKnownFileType = sourcecode.c.h; path = BKCycleScrollDataModel.h; sourceTree = "<group>"; };
		1D99FC662350638D00C5A9E5 /* BKCycleScrollImageView.m */ = {isa = PBXFileReference; fileEncoding = 4; lastKnownFileType = sourcecode.c.objc; path = BKCycleScrollImageView.m; sourceTree = "<group>"; };
		1D99FC672350638D00C5A9E5 /* BKCycleScrollView.m */ = {isa = PBXFileReference; fileEncoding = 4; lastKnownFileType = sourcecode.c.objc; path = BKCycleScrollView.m; sourceTree = "<group>"; };
		1D99FC682350638D00C5A9E5 /* BKCycleScrollDataModel.m */ = {isa = PBXFileReference; fileEncoding = 4; lastKnownFileType = sourcecode.c.objc; path = BKCycleScrollDataModel.m; sourceTree = "<group>"; };
		1D99FC692350638D00C5A9E5 /* BKCycleScrollCollectionViewCell.m */ = {isa = PBXFileReference; fileEncoding = 4; lastKnownFileType = sourcecode.c.objc; path = BKCycleScrollCollectionViewCell.m; sourceTree = "<group>"; };
		1D99FC6A2350638D00C5A9E5 /* BKCycleScrollCollectionViewCell.h */ = {isa = PBXFileReference; fileEncoding = 4; lastKnownFileType = sourcecode.c.h; path = BKCycleScrollCollectionViewCell.h; sourceTree = "<group>"; };
		1D99FC6B2350638D00C5A9E5 /* BKCycleScrollImageView.h */ = {isa = PBXFileReference; fileEncoding = 4; lastKnownFileType = sourcecode.c.h; path = BKCycleScrollImageView.h; sourceTree = "<group>"; };
		1D99FC6C2350638D00C5A9E5 /* BKCycleScrollPageControl.m */ = {isa = PBXFileReference; fileEncoding = 4; lastKnownFileType = sourcecode.c.objc; path = BKCycleScrollPageControl.m; sourceTree = "<group>"; };
		1D99FC6D2350638D00C5A9E5 /* BKCycleCollectionViewFlowLayout.m */ = {isa = PBXFileReference; fileEncoding = 4; lastKnownFileType = sourcecode.c.objc; path = BKCycleCollectionViewFlowLayout.m; sourceTree = "<group>"; };
		1D99FC6E2350638D00C5A9E5 /* BKCycleCollectionViewFlowLayout.h */ = {isa = PBXFileReference; fileEncoding = 4; lastKnownFileType = sourcecode.c.h; path = BKCycleCollectionViewFlowLayout.h; sourceTree = "<group>"; };
		4EFB7A5AF65C87B2498DACFA /* Pods-BKCycleScrollView.release.xcconfig */ = {isa = PBXFileReference; includeInIndex = 1; lastKnownFileType = text.xcconfig; name = "Pods-BKCycleScrollView.release.xcconfig"; path = "Target Support Files/Pods-BKCycleScrollView/Pods-BKCycleScrollView.release.xcconfig"; sourceTree = "<group>"; };
		85DBB94DDFA76A28A5D0E0B9 /* Pods_BKCycleScrollView.framework */ = {isa = PBXFileReference; explicitFileType = wrapper.framework; includeInIndex = 0; path = Pods_BKCycleScrollView.framework; sourceTree = BUILT_PRODUCTS_DIR; };
		DF4372B4B206C4BAD879798B /* Pods-BKCycleScrollView.debug.xcconfig */ = {isa = PBXFileReference; includeInIndex = 1; lastKnownFileType = text.xcconfig; name = "Pods-BKCycleScrollView.debug.xcconfig"; path = "Target Support Files/Pods-BKCycleScrollView/Pods-BKCycleScrollView.debug.xcconfig"; sourceTree = "<group>"; };
/* End PBXFileReference section */

/* Begin PBXFrameworksBuildPhase section */
		1D99FC1D2350609200C5A9E5 /* Frameworks */ = {
			isa = PBXFrameworksBuildPhase;
			buildActionMask = 2147483647;
			files = (
				85DCE6B79D68E213327763D6 /* Pods_BKCycleScrollView.framework in Frameworks */,
			);
			runOnlyForDeploymentPostprocessing = 0;
		};
/* End PBXFrameworksBuildPhase section */

/* Begin PBXGroup section */
		1D99FC162350609200C5A9E5 = {
			isa = PBXGroup;
			children = (
				1D99FC2B235060B300C5A9E5 /* Info.plist */,
				1D99FC222350609200C5A9E5 /* BKCycleScrollView */,
				1D99FC212350609200C5A9E5 /* Products */,
				4DAD2A7C32EA689EF6EB1EAC /* Pods */,
				BB63215B96240163BE965548 /* Frameworks */,
			);
			sourceTree = "<group>";
		};
		1D99FC212350609200C5A9E5 /* Products */ = {
			isa = PBXGroup;
			children = (
				1D99FC202350609200C5A9E5 /* BKCycleScrollView.framework */,
			);
			name = Products;
			sourceTree = "<group>";
		};
		1D99FC222350609200C5A9E5 /* BKCycleScrollView */ = {
			isa = PBXGroup;
			children = (
				1D99FC472350637E00C5A9E5 /* Assets */,
				1D99FC492350637E00C5A9E5 /* Classes */,
			);
			path = BKCycleScrollView;
			sourceTree = "<group>";
		};
		1D99FC472350637E00C5A9E5 /* Assets */ = {
			isa = PBXGroup;
			children = (
				1D99FC482350637E00C5A9E5 /* BKCycleScrollView.bundle */,
			);
			path = Assets;
			sourceTree = "<group>";
		};
		1D99FC492350637E00C5A9E5 /* Classes */ = {
			isa = PBXGroup;
			children = (
				1D99FC632350638D00C5A9E5 /* BKCycleScrollView.h */,
				1D99FC672350638D00C5A9E5 /* BKCycleScrollView.m */,
				1D99FC6E2350638D00C5A9E5 /* BKCycleCollectionViewFlowLayout.h */,
				1D99FC6D2350638D00C5A9E5 /* BKCycleCollectionViewFlowLayout.m */,
				1D99FC6A2350638D00C5A9E5 /* BKCycleScrollCollectionViewCell.h */,
				1D99FC692350638D00C5A9E5 /* BKCycleScrollCollectionViewCell.m */,
				1D99FC652350638D00C5A9E5 /* BKCycleScrollDataModel.h */,
				1D99FC682350638D00C5A9E5 /* BKCycleScrollDataModel.m */,
				1D99FC6B2350638D00C5A9E5 /* BKCycleScrollImageView.h */,
				1D99FC662350638D00C5A9E5 /* BKCycleScrollImageView.m */,
				1D99FC642350638D00C5A9E5 /* BKCycleScrollPageControl.h */,
				1D99FC6C2350638D00C5A9E5 /* BKCycleScrollPageControl.m */,
			);
			path = Classes;
			sourceTree = "<group>";
		};
		4DAD2A7C32EA689EF6EB1EAC /* Pods */ = {
			isa = PBXGroup;
			children = (
				DF4372B4B206C4BAD879798B /* Pods-BKCycleScrollView.debug.xcconfig */,
				4EFB7A5AF65C87B2498DACFA /* Pods-BKCycleScrollView.release.xcconfig */,
			);
			path = Pods;
			sourceTree = "<group>";
		};
		BB63215B96240163BE965548 /* Frameworks */ = {
			isa = PBXGroup;
			children = (
				85DBB94DDFA76A28A5D0E0B9 /* Pods_BKCycleScrollView.framework */,
			);
			name = Frameworks;
			sourceTree = "<group>";
		};
/* End PBXGroup section */

/* Begin PBXHeadersBuildPhase section */
		1D99FC1B2350609200C5A9E5 /* Headers */ = {
			isa = PBXHeadersBuildPhase;
			buildActionMask = 2147483647;
			files = (
				1D99FC6F2350638D00C5A9E5 /* BKCycleScrollView.h in Headers */,
				1D99FC702350638D00C5A9E5 /* BKCycleScrollPageControl.h in Headers */,
				1D99FC712350638D00C5A9E5 /* BKCycleScrollDataModel.h in Headers */,
				1D99FC772350638D00C5A9E5 /* BKCycleScrollImageView.h in Headers */,
				1D99FC762350638D00C5A9E5 /* BKCycleScrollCollectionViewCell.h in Headers */,
				1D99FC7A2350638D00C5A9E5 /* BKCycleCollectionViewFlowLayout.h in Headers */,
			);
			runOnlyForDeploymentPostprocessing = 0;
		};
/* End PBXHeadersBuildPhase section */

/* Begin PBXNativeTarget section */
		1D99FC1F2350609200C5A9E5 /* BKCycleScrollView */ = {
			isa = PBXNativeTarget;
			buildConfigurationList = 1D99FC282350609200C5A9E5 /* Build configuration list for PBXNativeTarget "BKCycleScrollView" */;
			buildPhases = (
				5484147C864637F0F489CE7F /* [CP] Check Pods Manifest.lock */,
				1D99FC1B2350609200C5A9E5 /* Headers */,
				1D99FC1C2350609200C5A9E5 /* Sources */,
				1D99FC1D2350609200C5A9E5 /* Frameworks */,
				1D99FC1E2350609200C5A9E5 /* Resources */,
			);
			buildRules = (
			);
			dependencies = (
			);
			name = BKCycleScrollView;
			productName = BKCycleScrollView;
			productReference = 1D99FC202350609200C5A9E5 /* BKCycleScrollView.framework */;
			productType = "com.apple.product-type.framework";
		};
/* End PBXNativeTarget section */

/* Begin PBXProject section */
		1D99FC172350609200C5A9E5 /* Project object */ = {
			isa = PBXProject;
			attributes = {
				LastUpgradeCheck = 1110;
				ORGANIZATIONNAME = BIKE;
				TargetAttributes = {
					1D99FC1F2350609200C5A9E5 = {
						CreatedOnToolsVersion = 11.1;
					};
				};
			};
			buildConfigurationList = 1D99FC1A2350609200C5A9E5 /* Build configuration list for PBXProject "BKCycleScrollView" */;
			compatibilityVersion = "Xcode 9.3";
			developmentRegion = en;
			hasScannedForEncodings = 0;
			knownRegions = (
				en,
				Base,
			);
			mainGroup = 1D99FC162350609200C5A9E5;
			productRefGroup = 1D99FC212350609200C5A9E5 /* Products */;
			projectDirPath = "";
			projectRoot = "";
			targets = (
				1D99FC1F2350609200C5A9E5 /* BKCycleScrollView */,
			);
		};
/* End PBXProject section */

/* Begin PBXResourcesBuildPhase section */
		1D99FC1E2350609200C5A9E5 /* Resources */ = {
			isa = PBXResourcesBuildPhase;
			buildActionMask = 2147483647;
			files = (
				1D99FC562350637E00C5A9E5 /* BKCycleScrollView.bundle in Resources */,
			);
			runOnlyForDeploymentPostprocessing = 0;
		};
/* End PBXResourcesBuildPhase section */

/* Begin PBXShellScriptBuildPhase section */
		5484147C864637F0F489CE7F /* [CP] Check Pods Manifest.lock */ = {
			isa = PBXShellScriptBuildPhase;
			buildActionMask = 2147483647;
			files = (
			);
			inputFileListPaths = (
			);
			inputPaths = (
				"${PODS_PODFILE_DIR_PATH}/Podfile.lock",
				"${PODS_ROOT}/Manifest.lock",
			);
			name = "[CP] Check Pods Manifest.lock";
			outputFileListPaths = (
			);
			outputPaths = (
				"$(DERIVED_FILE_DIR)/Pods-BKCycleScrollView-checkManifestLockResult.txt",
			);
			runOnlyForDeploymentPostprocessing = 0;
			shellPath = /bin/sh;
			shellScript = "diff \"${PODS_PODFILE_DIR_PATH}/Podfile.lock\" \"${PODS_ROOT}/Manifest.lock\" > /dev/null\nif [ $? != 0 ] ; then\n    # print error to STDERR\n    echo \"error: The sandbox is not in sync with the Podfile.lock. Run 'pod install' or update your CocoaPods installation.\" >&2\n    exit 1\nfi\n# This output is used by Xcode 'outputs' to avoid re-running this script phase.\necho \"SUCCESS\" > \"${SCRIPT_OUTPUT_FILE_0}\"\n";
			showEnvVarsInLog = 0;
		};
/* End PBXShellScriptBuildPhase section */

/* Begin PBXSourcesBuildPhase section */
		1D99FC1C2350609200C5A9E5 /* Sources */ = {
			isa = PBXSourcesBuildPhase;
			buildActionMask = 2147483647;
			files = (
				1D99FC722350638D00C5A9E5 /* BKCycleScrollImageView.m in Sources */,
				1D99FC752350638D00C5A9E5 /* BKCycleScrollCollectionViewCell.m in Sources */,
				1D99FC792350638D00C5A9E5 /* BKCycleCollectionViewFlowLayout.m in Sources */,
				1D99FC732350638D00C5A9E5 /* BKCycleScrollView.m in Sources */,
				1D99FC782350638D00C5A9E5 /* BKCycleScrollPageControl.m in Sources */,
				1D99FC742350638D00C5A9E5 /* BKCycleScrollDataModel.m in Sources */,
			);
			runOnlyForDeploymentPostprocessing = 0;
		};
/* End PBXSourcesBuildPhase section */

/* Begin XCBuildConfiguration section */
		1D99FC262350609200C5A9E5 /* Debug */ = {
			isa = XCBuildConfiguration;
			buildSettings = {
				ALWAYS_SEARCH_USER_PATHS = NO;
				CLANG_ANALYZER_NONNULL = YES;
				CLANG_ANALYZER_NUMBER_OBJECT_CONVERSION = YES_AGGRESSIVE;
				CLANG_CXX_LANGUAGE_STANDARD = "gnu++14";
				CLANG_CXX_LIBRARY = "libc++";
				CLANG_ENABLE_MODULES = YES;
				CLANG_ENABLE_OBJC_ARC = YES;
				CLANG_ENABLE_OBJC_WEAK = YES;
				CLANG_WARN_BLOCK_CAPTURE_AUTORELEASING = YES;
				CLANG_WARN_BOOL_CONVERSION = YES;
				CLANG_WARN_COMMA = YES;
				CLANG_WARN_CONSTANT_CONVERSION = YES;
				CLANG_WARN_DEPRECATED_OBJC_IMPLEMENTATIONS = YES;
				CLANG_WARN_DIRECT_OBJC_ISA_USAGE = YES_ERROR;
				CLANG_WARN_DOCUMENTATION_COMMENTS = YES;
				CLANG_WARN_EMPTY_BODY = YES;
				CLANG_WARN_ENUM_CONVERSION = YES;
				CLANG_WARN_INFINITE_RECURSION = YES;
				CLANG_WARN_INT_CONVERSION = YES;
				CLANG_WARN_NON_LITERAL_NULL_CONVERSION = YES;
				CLANG_WARN_OBJC_IMPLICIT_RETAIN_SELF = YES;
				CLANG_WARN_OBJC_LITERAL_CONVERSION = YES;
				CLANG_WARN_OBJC_ROOT_CLASS = YES_ERROR;
				CLANG_WARN_RANGE_LOOP_ANALYSIS = YES;
				CLANG_WARN_STRICT_PROTOTYPES = YES;
				CLANG_WARN_SUSPICIOUS_MOVE = YES;
				CLANG_WARN_UNGUARDED_AVAILABILITY = YES_AGGRESSIVE;
				CLANG_WARN_UNREACHABLE_CODE = YES;
				CLANG_WARN__DUPLICATE_METHOD_MATCH = YES;
				COPY_PHASE_STRIP = NO;
				CURRENT_PROJECT_VERSION = 1;
				DEBUG_INFORMATION_FORMAT = dwarf;
				ENABLE_STRICT_OBJC_MSGSEND = YES;
				ENABLE_TESTABILITY = YES;
				GCC_C_LANGUAGE_STANDARD = gnu11;
				GCC_DYNAMIC_NO_PIC = NO;
				GCC_NO_COMMON_BLOCKS = YES;
				GCC_OPTIMIZATION_LEVEL = 0;
				GCC_PREPROCESSOR_DEFINITIONS = (
					"DEBUG=1",
					"$(inherited)",
				);
				GCC_WARN_64_TO_32_BIT_CONVERSION = YES;
				GCC_WARN_ABOUT_RETURN_TYPE = YES_ERROR;
				GCC_WARN_UNDECLARED_SELECTOR = YES;
				GCC_WARN_UNINITIALIZED_AUTOS = YES_AGGRESSIVE;
				GCC_WARN_UNUSED_FUNCTION = YES;
				GCC_WARN_UNUSED_VARIABLE = YES;
				IPHONEOS_DEPLOYMENT_TARGET = 13.1;
				MTL_ENABLE_DEBUG_INFO = INCLUDE_SOURCE;
				MTL_FAST_MATH = YES;
				ONLY_ACTIVE_ARCH = YES;
				SDKROOT = iphoneos;
				VERSIONING_SYSTEM = "apple-generic";
				VERSION_INFO_PREFIX = "";
			};
			name = Debug;
		};
		1D99FC272350609200C5A9E5 /* Release */ = {
			isa = XCBuildConfiguration;
			buildSettings = {
				ALWAYS_SEARCH_USER_PATHS = NO;
				CLANG_ANALYZER_NONNULL = YES;
				CLANG_ANALYZER_NUMBER_OBJECT_CONVERSION = YES_AGGRESSIVE;
				CLANG_CXX_LANGUAGE_STANDARD = "gnu++14";
				CLANG_CXX_LIBRARY = "libc++";
				CLANG_ENABLE_MODULES = YES;
				CLANG_ENABLE_OBJC_ARC = YES;
				CLANG_ENABLE_OBJC_WEAK = YES;
				CLANG_WARN_BLOCK_CAPTURE_AUTORELEASING = YES;
				CLANG_WARN_BOOL_CONVERSION = YES;
				CLANG_WARN_COMMA = YES;
				CLANG_WARN_CONSTANT_CONVERSION = YES;
				CLANG_WARN_DEPRECATED_OBJC_IMPLEMENTATIONS = YES;
				CLANG_WARN_DIRECT_OBJC_ISA_USAGE = YES_ERROR;
				CLANG_WARN_DOCUMENTATION_COMMENTS = YES;
				CLANG_WARN_EMPTY_BODY = YES;
				CLANG_WARN_ENUM_CONVERSION = YES;
				CLANG_WARN_INFINITE_RECURSION = YES;
				CLANG_WARN_INT_CONVERSION = YES;
				CLANG_WARN_NON_LITERAL_NULL_CONVERSION = YES;
				CLANG_WARN_OBJC_IMPLICIT_RETAIN_SELF = YES;
				CLANG_WARN_OBJC_LITERAL_CONVERSION = YES;
				CLANG_WARN_OBJC_ROOT_CLASS = YES_ERROR;
				CLANG_WARN_RANGE_LOOP_ANALYSIS = YES;
				CLANG_WARN_STRICT_PROTOTYPES = YES;
				CLANG_WARN_SUSPICIOUS_MOVE = YES;
				CLANG_WARN_UNGUARDED_AVAILABILITY = YES_AGGRESSIVE;
				CLANG_WARN_UNREACHABLE_CODE = YES;
				CLANG_WARN__DUPLICATE_METHOD_MATCH = YES;
				COPY_PHASE_STRIP = NO;
				CURRENT_PROJECT_VERSION = 1;
				DEBUG_INFORMATION_FORMAT = "dwarf-with-dsym";
				ENABLE_NS_ASSERTIONS = NO;
				ENABLE_STRICT_OBJC_MSGSEND = YES;
				GCC_C_LANGUAGE_STANDARD = gnu11;
				GCC_NO_COMMON_BLOCKS = YES;
				GCC_WARN_64_TO_32_BIT_CONVERSION = YES;
				GCC_WARN_ABOUT_RETURN_TYPE = YES_ERROR;
				GCC_WARN_UNDECLARED_SELECTOR = YES;
				GCC_WARN_UNINITIALIZED_AUTOS = YES_AGGRESSIVE;
				GCC_WARN_UNUSED_FUNCTION = YES;
				GCC_WARN_UNUSED_VARIABLE = YES;
				IPHONEOS_DEPLOYMENT_TARGET = 13.1;
				MTL_ENABLE_DEBUG_INFO = NO;
				MTL_FAST_MATH = YES;
				SDKROOT = iphoneos;
				VALIDATE_PRODUCT = YES;
				VERSIONING_SYSTEM = "apple-generic";
				VERSION_INFO_PREFIX = "";
			};
			name = Release;
		};
		1D99FC292350609200C5A9E5 /* Debug */ = {
			isa = XCBuildConfiguration;
			baseConfigurationReference = DF4372B4B206C4BAD879798B /* Pods-BKCycleScrollView.debug.xcconfig */;
			buildSettings = {
				CODE_SIGN_STYLE = Automatic;
				DEFINES_MODULE = YES;
				DEVELOPMENT_TEAM = 779S864B3K;
				DYLIB_COMPATIBILITY_VERSION = 1;
				DYLIB_CURRENT_VERSION = 1;
				DYLIB_INSTALL_NAME_BASE = "@rpath";
				INFOPLIST_FILE = Info.plist;
				INSTALL_PATH = "$(LOCAL_LIBRARY_DIR)/Frameworks";
				IPHONEOS_DEPLOYMENT_TARGET = 8.0;
				LD_RUNPATH_SEARCH_PATHS = (
					"$(inherited)",
					"@executable_path/Frameworks",
					"@loader_path/Frameworks",
				);
				MARKETING_VERSION = 2.0.6;
				PRODUCT_BUNDLE_IDENTIFIER = BIKE.BKCycleScrollView;
				PRODUCT_NAME = "$(TARGET_NAME:c99extidentifier)";
				SKIP_INSTALL = YES;
				TARGETED_DEVICE_FAMILY = "1,2";
			};
			name = Debug;
		};
		1D99FC2A2350609200C5A9E5 /* Release */ = {
			isa = XCBuildConfiguration;
			baseConfigurationReference = 4EFB7A5AF65C87B2498DACFA /* Pods-BKCycleScrollView.release.xcconfig */;
			buildSettings = {
				CODE_SIGN_STYLE = Automatic;
				DEFINES_MODULE = YES;
				DEVELOPMENT_TEAM = 779S864B3K;
				DYLIB_COMPATIBILITY_VERSION = 1;
				DYLIB_CURRENT_VERSION = 1;
				DYLIB_INSTALL_NAME_BASE = "@rpath";
				INFOPLIST_FILE = Info.plist;
				INSTALL_PATH = "$(LOCAL_LIBRARY_DIR)/Frameworks";
				IPHONEOS_DEPLOYMENT_TARGET = 8.0;
				LD_RUNPATH_SEARCH_PATHS = (
					"$(inherited)",
					"@executable_path/Frameworks",
					"@loader_path/Frameworks",
				);
				MARKETING_VERSION = 2.0.6;
				PRODUCT_BUNDLE_IDENTIFIER = BIKE.BKCycleScrollView;
				PRODUCT_NAME = "$(TARGET_NAME:c99extidentifier)";
				SKIP_INSTALL = YES;
				TARGETED_DEVICE_FAMILY = "1,2";
			};
			name = Release;
		};
/* End XCBuildConfiguration section */

/* Begin XCConfigurationList section */
		1D99FC1A2350609200C5A9E5 /* Build configuration list for PBXProject "BKCycleScrollView" */ = {
			isa = XCConfigurationList;
			buildConfigurations = (
				1D99FC262350609200C5A9E5 /* Debug */,
				1D99FC272350609200C5A9E5 /* Release */,
			);
			defaultConfigurationIsVisible = 0;
			defaultConfigurationName = Release;
		};
		1D99FC282350609200C5A9E5 /* Build configuration list for PBXNativeTarget "BKCycleScrollView" */ = {
			isa = XCConfigurationList;
			buildConfigurations = (
				1D99FC292350609200C5A9E5 /* Debug */,
				1D99FC2A2350609200C5A9E5 /* Release */,
			);
			defaultConfigurationIsVisible = 0;
			defaultConfigurationName = Release;
		};
/* End XCConfigurationList section */
	};
	rootObject = 1D99FC172350609200C5A9E5 /* Project object */;
}
