// !$*UTF8*$!
{
	archiveVersion = 1;
	classes = {
	};
	objectVersion = 50;
	objects = {

/* Begin PBXBuildFile section */
		1D5D55DB21F05E3400D3B15F /* BKCycleCollectionViewFlowLayout.m in Sources */ = {isa = PBXBuildFile; fileRef = 1D5D55D321F05E3300D3B15F /* BKCycleCollectionViewFlowLayout.m */; };
		1D5D55DC21F05E3400D3B15F /* BKCycleScrollImageView.m in Sources */ = {isa = PBXBuildFile; fileRef = 1D5D55D521F05E3300D3B15F /* BKCycleScrollImageView.m */; };
		1D5D55DD21F05E3400D3B15F /* BKCycleScrollCollectionViewCell.m in Sources */ = {isa = PBXBuildFile; fileRef = 1D5D55D721F05E3300D3B15F /* BKCycleScrollCollectionViewCell.m */; };
		1D5D55DE21F05E3400D3B15F /* BKCycleScrollView.m in Sources */ = {isa = PBXBuildFile; fileRef = 1D5D55D821F05E3300D3B15F /* BKCycleScrollView.m */; };
		1D5D55DF21F05E3400D3B15F /* BKCycleScrollPageControl.m in Sources */ = {isa = PBXBuildFile; fileRef = 1D5D55D921F05E3300D3B15F /* BKCycleScrollPageControl.m */; };
		1D5D55E221F065C900D3B15F /* BKCycleScrollDataModel.m in Sources */ = {isa = PBXBuildFile; fileRef = 1D5D55E121F065C900D3B15F /* BKCycleScrollDataModel.m */; };
		1D5D55E521F07ECA00D3B15F /* BKCycleScrollVideoContentView.m in Sources */ = {isa = PBXBuildFile; fileRef = 1D5D55E421F07ECA00D3B15F /* BKCycleScrollVideoContentView.m */; };
		1D5D55E721F0827B00D3B15F /* BKCycleScrollView.bundle in Resources */ = {isa = PBXBuildFile; fileRef = 1D5D55E621F0827B00D3B15F /* BKCycleScrollView.bundle */; };
		1DAC8CEC20C916FE00687320 /* AppDelegate.m in Sources */ = {isa = PBXBuildFile; fileRef = 1DAC8CEB20C916FE00687320 /* AppDelegate.m */; };
		1DAC8CEF20C916FE00687320 /* ViewController.m in Sources */ = {isa = PBXBuildFile; fileRef = 1DAC8CEE20C916FE00687320 /* ViewController.m */; };
		1DAC8CF420C916FE00687320 /* Assets.xcassets in Resources */ = {isa = PBXBuildFile; fileRef = 1DAC8CF320C916FE00687320 /* Assets.xcassets */; };
		1DAC8CFA20C916FF00687320 /* main.m in Sources */ = {isa = PBXBuildFile; fileRef = 1DAC8CF920C916FF00687320 /* main.m */; };
		1DAC8D5A20C9265F00687320 /* 4.gif in Resources */ = {isa = PBXBuildFile; fileRef = 1DAC8D5920C9265F00687320 /* 4.gif */; };
		B1539CF99749AAD13D61C9E8 /* libPods-BKCycleScrollView.a in Frameworks */ = {isa = PBXBuildFile; fileRef = 9C07BCCE51790B58CD24BB59 /* libPods-BKCycleScrollView.a */; };
/* End PBXBuildFile section */

/* Begin PBXFileReference section */
		1D5D55D121F05E3300D3B15F /* BKCycleScrollPageControl.h */ = {isa = PBXFileReference; fileEncoding = 4; lastKnownFileType = sourcecode.c.h; path = BKCycleScrollPageControl.h; sourceTree = "<group>"; };
		1D5D55D221F05E3300D3B15F /* BKCycleScrollView.h */ = {isa = PBXFileReference; fileEncoding = 4; lastKnownFileType = sourcecode.c.h; path = BKCycleScrollView.h; sourceTree = "<group>"; };
		1D5D55D321F05E3300D3B15F /* BKCycleCollectionViewFlowLayout.m */ = {isa = PBXFileReference; fileEncoding = 4; lastKnownFileType = sourcecode.c.objc; path = BKCycleCollectionViewFlowLayout.m; sourceTree = "<group>"; };
		1D5D55D421F05E3300D3B15F /* BKCycleScrollCollectionViewCell.h */ = {isa = PBXFileReference; fileEncoding = 4; lastKnownFileType = sourcecode.c.h; path = BKCycleScrollCollectionViewCell.h; sourceTree = "<group>"; };
		1D5D55D521F05E3300D3B15F /* BKCycleScrollImageView.m */ = {isa = PBXFileReference; fileEncoding = 4; lastKnownFileType = sourcecode.c.objc; path = BKCycleScrollImageView.m; sourceTree = "<group>"; };
		1D5D55D621F05E3300D3B15F /* BKCycleCollectionViewFlowLayout.h */ = {isa = PBXFileReference; fileEncoding = 4; lastKnownFileType = sourcecode.c.h; path = BKCycleCollectionViewFlowLayout.h; sourceTree = "<group>"; };
		1D5D55D721F05E3300D3B15F /* BKCycleScrollCollectionViewCell.m */ = {isa = PBXFileReference; fileEncoding = 4; lastKnownFileType = sourcecode.c.objc; path = BKCycleScrollCollectionViewCell.m; sourceTree = "<group>"; };
		1D5D55D821F05E3300D3B15F /* BKCycleScrollView.m */ = {isa = PBXFileReference; fileEncoding = 4; lastKnownFileType = sourcecode.c.objc; path = BKCycleScrollView.m; sourceTree = "<group>"; };
		1D5D55D921F05E3300D3B15F /* BKCycleScrollPageControl.m */ = {isa = PBXFileReference; fileEncoding = 4; lastKnownFileType = sourcecode.c.objc; path = BKCycleScrollPageControl.m; sourceTree = "<group>"; };
		1D5D55DA21F05E3400D3B15F /* BKCycleScrollImageView.h */ = {isa = PBXFileReference; fileEncoding = 4; lastKnownFileType = sourcecode.c.h; path = BKCycleScrollImageView.h; sourceTree = "<group>"; };
		1D5D55E021F065C900D3B15F /* BKCycleScrollDataModel.h */ = {isa = PBXFileReference; lastKnownFileType = sourcecode.c.h; path = BKCycleScrollDataModel.h; sourceTree = "<group>"; };
		1D5D55E121F065C900D3B15F /* BKCycleScrollDataModel.m */ = {isa = PBXFileReference; lastKnownFileType = sourcecode.c.objc; path = BKCycleScrollDataModel.m; sourceTree = "<group>"; };
		1D5D55E321F07ECA00D3B15F /* BKCycleScrollVideoContentView.h */ = {isa = PBXFileReference; lastKnownFileType = sourcecode.c.h; path = BKCycleScrollVideoContentView.h; sourceTree = "<group>"; };
		1D5D55E421F07ECA00D3B15F /* BKCycleScrollVideoContentView.m */ = {isa = PBXFileReference; lastKnownFileType = sourcecode.c.objc; path = BKCycleScrollVideoContentView.m; sourceTree = "<group>"; };
		1D5D55E621F0827B00D3B15F /* BKCycleScrollView.bundle */ = {isa = PBXFileReference; lastKnownFileType = "wrapper.plug-in"; path = BKCycleScrollView.bundle; sourceTree = "<group>"; };
		1DAC8CE720C916FE00687320 /* BKCycleScrollView.app */ = {isa = PBXFileReference; explicitFileType = wrapper.application; includeInIndex = 0; path = BKCycleScrollView.app; sourceTree = BUILT_PRODUCTS_DIR; };
		1DAC8CEA20C916FE00687320 /* AppDelegate.h */ = {isa = PBXFileReference; lastKnownFileType = sourcecode.c.h; path = AppDelegate.h; sourceTree = "<group>"; };
		1DAC8CEB20C916FE00687320 /* AppDelegate.m */ = {isa = PBXFileReference; lastKnownFileType = sourcecode.c.objc; path = AppDelegate.m; sourceTree = "<group>"; };
		1DAC8CED20C916FE00687320 /* ViewController.h */ = {isa = PBXFileReference; lastKnownFileType = sourcecode.c.h; path = ViewController.h; sourceTree = "<group>"; };
		1DAC8CEE20C916FE00687320 /* ViewController.m */ = {isa = PBXFileReference; lastKnownFileType = sourcecode.c.objc; path = ViewController.m; sourceTree = "<group>"; };
		1DAC8CF320C916FE00687320 /* Assets.xcassets */ = {isa = PBXFileReference; lastKnownFileType = folder.assetcatalog; path = Assets.xcassets; sourceTree = "<group>"; };
		1DAC8CF820C916FE00687320 /* Info.plist */ = {isa = PBXFileReference; lastKnownFileType = text.plist.xml; path = Info.plist; sourceTree = "<group>"; };
		1DAC8CF920C916FF00687320 /* main.m */ = {isa = PBXFileReference; lastKnownFileType = sourcecode.c.objc; path = main.m; sourceTree = "<group>"; };
		1DAC8D5920C9265F00687320 /* 4.gif */ = {isa = PBXFileReference; lastKnownFileType = image.gif; path = 4.gif; sourceTree = "<group>"; };
		22FA079D8998E9380B05ABAF /* Pods-BKCycleScrollView.debug.xcconfig */ = {isa = PBXFileReference; includeInIndex = 1; lastKnownFileType = text.xcconfig; name = "Pods-BKCycleScrollView.debug.xcconfig"; path = "Pods/Target Support Files/Pods-BKCycleScrollView/Pods-BKCycleScrollView.debug.xcconfig"; sourceTree = "<group>"; };
		68424250A21FC54CFE779A6A /* Pods-BKCycleScrollView.release.xcconfig */ = {isa = PBXFileReference; includeInIndex = 1; lastKnownFileType = text.xcconfig; name = "Pods-BKCycleScrollView.release.xcconfig"; path = "Pods/Target Support Files/Pods-BKCycleScrollView/Pods-BKCycleScrollView.release.xcconfig"; sourceTree = "<group>"; };
		9C07BCCE51790B58CD24BB59 /* libPods-BKCycleScrollView.a */ = {isa = PBXFileReference; explicitFileType = archive.ar; includeInIndex = 0; path = "libPods-BKCycleScrollView.a"; sourceTree = BUILT_PRODUCTS_DIR; };
/* End PBXFileReference section */

/* Begin PBXFrameworksBuildPhase section */
		1DAC8CE420C916FE00687320 /* Frameworks */ = {
			isa = PBXFrameworksBuildPhase;
			buildActionMask = 2147483647;
			files = (
				B1539CF99749AAD13D61C9E8 /* libPods-BKCycleScrollView.a in Frameworks */,
			);
			runOnlyForDeploymentPostprocessing = 0;
		};
/* End PBXFrameworksBuildPhase section */

/* Begin PBXGroup section */
		1D5D55C121F05DEE00D3B15F /* BKCycleScrollView */ = {
			isa = PBXGroup;
			children = (
				1D5D55E621F0827B00D3B15F /* BKCycleScrollView.bundle */,
				1D5D55D221F05E3300D3B15F /* BKCycleScrollView.h */,
				1D5D55D821F05E3300D3B15F /* BKCycleScrollView.m */,
				1D5D55E021F065C900D3B15F /* BKCycleScrollDataModel.h */,
				1D5D55E121F065C900D3B15F /* BKCycleScrollDataModel.m */,
				1D5D55D621F05E3300D3B15F /* BKCycleCollectionViewFlowLayout.h */,
				1D5D55D321F05E3300D3B15F /* BKCycleCollectionViewFlowLayout.m */,
				1D5D55D421F05E3300D3B15F /* BKCycleScrollCollectionViewCell.h */,
				1D5D55D721F05E3300D3B15F /* BKCycleScrollCollectionViewCell.m */,
				1D5D55E321F07ECA00D3B15F /* BKCycleScrollVideoContentView.h */,
				1D5D55E421F07ECA00D3B15F /* BKCycleScrollVideoContentView.m */,
				1D5D55DA21F05E3400D3B15F /* BKCycleScrollImageView.h */,
				1D5D55D521F05E3300D3B15F /* BKCycleScrollImageView.m */,
				1D5D55D121F05E3300D3B15F /* BKCycleScrollPageControl.h */,
				1D5D55D921F05E3300D3B15F /* BKCycleScrollPageControl.m */,
			);
			path = BKCycleScrollView;
			sourceTree = "<group>";
		};
		1DAC8CDE20C916FE00687320 = {
			isa = PBXGroup;
			children = (
				1DAC8CE920C916FE00687320 /* BKCycleScrollView */,
				1DAC8CE820C916FE00687320 /* Products */,
				77EE1092A46A763D3A459382 /* Pods */,
				468717D761B98E2F86AF4A44 /* Frameworks */,
			);
			sourceTree = "<group>";
		};
		1DAC8CE820C916FE00687320 /* Products */ = {
			isa = PBXGroup;
			children = (
				1DAC8CE720C916FE00687320 /* BKCycleScrollView.app */,
			);
			name = Products;
			sourceTree = "<group>";
		};
		1DAC8CE920C916FE00687320 /* BKCycleScrollView */ = {
			isa = PBXGroup;
			children = (
				1D5D55C121F05DEE00D3B15F /* BKCycleScrollView */,
				1DAC8CEA20C916FE00687320 /* AppDelegate.h */,
				1DAC8CEB20C916FE00687320 /* AppDelegate.m */,
				1DAC8CED20C916FE00687320 /* ViewController.h */,
				1DAC8CEE20C916FE00687320 /* ViewController.m */,
				1DAC8D5820C919F700687320 /* Supporting Files */,
			);
			path = BKCycleScrollView;
			sourceTree = "<group>";
		};
		1DAC8D5820C919F700687320 /* Supporting Files */ = {
			isa = PBXGroup;
			children = (
				1DAC8CF320C916FE00687320 /* Assets.xcassets */,
				1DAC8D5920C9265F00687320 /* 4.gif */,
				1DAC8CF820C916FE00687320 /* Info.plist */,
				1DAC8CF920C916FF00687320 /* main.m */,
			);
			path = "Supporting Files";
			sourceTree = "<group>";
		};
		468717D761B98E2F86AF4A44 /* Frameworks */ = {
			isa = PBXGroup;
			children = (
				9C07BCCE51790B58CD24BB59 /* libPods-BKCycleScrollView.a */,
			);
			name = Frameworks;
			sourceTree = "<group>";
		};
		77EE1092A46A763D3A459382 /* Pods */ = {
			isa = PBXGroup;
			children = (
				22FA079D8998E9380B05ABAF /* Pods-BKCycleScrollView.debug.xcconfig */,
				68424250A21FC54CFE779A6A /* Pods-BKCycleScrollView.release.xcconfig */,
			);
			name = Pods;
			sourceTree = "<group>";
		};
/* End PBXGroup section */

/* Begin PBXNativeTarget section */
		1DAC8CE620C916FE00687320 /* BKCycleScrollView */ = {
			isa = PBXNativeTarget;
			buildConfigurationList = 1DAC8CFD20C916FF00687320 /* Build configuration list for PBXNativeTarget "BKCycleScrollView" */;
			buildPhases = (
				11504AFEA1656CC04C5649A8 /* [CP] Check Pods Manifest.lock */,
				1DAC8CE320C916FE00687320 /* Sources */,
				1DAC8CE420C916FE00687320 /* Frameworks */,
				1DAC8CE520C916FE00687320 /* Resources */,
				4322863F3DBE83F778166B3D /* [CP] Copy Pods Resources */,
			);
			buildRules = (
			);
			dependencies = (
			);
			name = BKCycleScrollView;
			productName = BKCycleScrollView;
			productReference = 1DAC8CE720C916FE00687320 /* BKCycleScrollView.app */;
			productType = "com.apple.product-type.application";
		};
/* End PBXNativeTarget section */

/* Begin PBXProject section */
		1DAC8CDF20C916FE00687320 /* Project object */ = {
			isa = PBXProject;
			attributes = {
				LastUpgradeCheck = 0940;
				ORGANIZATIONNAME = BIKE;
				TargetAttributes = {
					1DAC8CE620C916FE00687320 = {
						CreatedOnToolsVersion = 9.4;
					};
				};
			};
			buildConfigurationList = 1DAC8CE220C916FE00687320 /* Build configuration list for PBXProject "BKCycleScrollView" */;
			compatibilityVersion = "Xcode 9.3";
			developmentRegion = en;
			hasScannedForEncodings = 0;
			knownRegions = (
				en,
				Base,
			);
			mainGroup = 1DAC8CDE20C916FE00687320;
			productRefGroup = 1DAC8CE820C916FE00687320 /* Products */;
			projectDirPath = "";
			projectRoot = "";
			targets = (
				1DAC8CE620C916FE00687320 /* BKCycleScrollView */,
			);
		};
/* End PBXProject section */

/* Begin PBXResourcesBuildPhase section */
		1DAC8CE520C916FE00687320 /* Resources */ = {
			isa = PBXResourcesBuildPhase;
			buildActionMask = 2147483647;
			files = (
				1DAC8D5A20C9265F00687320 /* 4.gif in Resources */,
				1DAC8CF420C916FE00687320 /* Assets.xcassets in Resources */,
				1D5D55E721F0827B00D3B15F /* BKCycleScrollView.bundle in Resources */,
			);
			runOnlyForDeploymentPostprocessing = 0;
		};
/* End PBXResourcesBuildPhase section */

/* Begin PBXShellScriptBuildPhase section */
		11504AFEA1656CC04C5649A8 /* [CP] Check Pods Manifest.lock */ = {
			isa = PBXShellScriptBuildPhase;
			buildActionMask = 2147483647;
			files = (
			);
			inputPaths = (
				"${PODS_PODFILE_DIR_PATH}/Podfile.lock",
				"${PODS_ROOT}/Manifest.lock",
			);
			name = "[CP] Check Pods Manifest.lock";
			outputPaths = (
				"$(DERIVED_FILE_DIR)/Pods-BKCycleScrollView-checkManifestLockResult.txt",
			);
			runOnlyForDeploymentPostprocessing = 0;
			shellPath = /bin/sh;
			shellScript = "diff \"${PODS_PODFILE_DIR_PATH}/Podfile.lock\" \"${PODS_ROOT}/Manifest.lock\" > /dev/null\nif [ $? != 0 ] ; then\n    # print error to STDERR\n    echo \"error: The sandbox is not in sync with the Podfile.lock. Run 'pod install' or update your CocoaPods installation.\" >&2\n    exit 1\nfi\n# This output is used by Xcode 'outputs' to avoid re-running this script phase.\necho \"SUCCESS\" > \"${SCRIPT_OUTPUT_FILE_0}\"\n";
			showEnvVarsInLog = 0;
		};
		4322863F3DBE83F778166B3D /* [CP] Copy Pods Resources */ = {
			isa = PBXShellScriptBuildPhase;
			buildActionMask = 2147483647;
			files = (
			);
			inputPaths = (
				"${SRCROOT}/Pods/Target Support Files/Pods-BKCycleScrollView/Pods-BKCycleScrollView-resources.sh",
				"${PODS_ROOT}/ZFPlayer/ZFPlayer/Classes/ControlView/ZFPlayer.bundle",
			);
			name = "[CP] Copy Pods Resources";
			outputPaths = (
				"${TARGET_BUILD_DIR}/${UNLOCALIZED_RESOURCES_FOLDER_PATH}/ZFPlayer.bundle",
			);
			runOnlyForDeploymentPostprocessing = 0;
			shellPath = /bin/sh;
			shellScript = "\"${SRCROOT}/Pods/Target Support Files/Pods-BKCycleScrollView/Pods-BKCycleScrollView-resources.sh\"\n";
			showEnvVarsInLog = 0;
		};
/* End PBXShellScriptBuildPhase section */

/* Begin PBXSourcesBuildPhase section */
		1DAC8CE320C916FE00687320 /* Sources */ = {
			isa = PBXSourcesBuildPhase;
			buildActionMask = 2147483647;
			files = (
				1DAC8CEF20C916FE00687320 /* ViewController.m in Sources */,
				1D5D55DC21F05E3400D3B15F /* BKCycleScrollImageView.m in Sources */,
				1DAC8CFA20C916FF00687320 /* main.m in Sources */,
				1D5D55DB21F05E3400D3B15F /* BKCycleCollectionViewFlowLayout.m in Sources */,
				1D5D55DE21F05E3400D3B15F /* BKCycleScrollView.m in Sources */,
				1D5D55E221F065C900D3B15F /* BKCycleScrollDataModel.m in Sources */,
				1DAC8CEC20C916FE00687320 /* AppDelegate.m in Sources */,
				1D5D55E521F07ECA00D3B15F /* BKCycleScrollVideoContentView.m in Sources */,
				1D5D55DD21F05E3400D3B15F /* BKCycleScrollCollectionViewCell.m in Sources */,
				1D5D55DF21F05E3400D3B15F /* BKCycleScrollPageControl.m in Sources */,
			);
			runOnlyForDeploymentPostprocessing = 0;
		};
/* End PBXSourcesBuildPhase section */

/* Begin XCBuildConfiguration section */
		1DAC8CFB20C916FF00687320 /* Debug */ = {
			isa = XCBuildConfiguration;
			buildSettings = {
				ALWAYS_SEARCH_USER_PATHS = NO;
				CLANG_ANALYZER_NONNULL = YES;
				CLANG_ANALYZER_NUMBER_OBJECT_CONVERSION = YES_AGGRESSIVE;
				CLANG_CXX_LANGUAGE_STANDARD = "gnu++14";
				CLANG_CXX_LIBRARY = "libc++";
				CLANG_ENABLE_MODULES = YES;
				CLANG_ENABLE_OBJC_ARC = YES;
				CLANG_ENABLE_OBJC_WEAK = YES;
				CLANG_WARN_BLOCK_CAPTURE_AUTORELEASING = YES;
				CLANG_WARN_BOOL_CONVERSION = YES;
				CLANG_WARN_COMMA = YES;
				CLANG_WARN_CONSTANT_CONVERSION = YES;
				CLANG_WARN_DEPRECATED_OBJC_IMPLEMENTATIONS = YES;
				CLANG_WARN_DIRECT_OBJC_ISA_USAGE = YES_ERROR;
				CLANG_WARN_DOCUMENTATION_COMMENTS = YES;
				CLANG_WARN_EMPTY_BODY = YES;
				CLANG_WARN_ENUM_CONVERSION = YES;
				CLANG_WARN_INFINITE_RECURSION = YES;
				CLANG_WARN_INT_CONVERSION = YES;
				CLANG_WARN_NON_LITERAL_NULL_CONVERSION = YES;
				CLANG_WARN_OBJC_IMPLICIT_RETAIN_SELF = YES;
				CLANG_WARN_OBJC_LITERAL_CONVERSION = YES;
				CLANG_WARN_OBJC_ROOT_CLASS = YES_ERROR;
				CLANG_WARN_RANGE_LOOP_ANALYSIS = YES;
				CLANG_WARN_STRICT_PROTOTYPES = YES;
				CLANG_WARN_SUSPICIOUS_MOVE = YES;
				CLANG_WARN_UNGUARDED_AVAILABILITY = YES_AGGRESSIVE;
				CLANG_WARN_UNREACHABLE_CODE = YES;
				CLANG_WARN__DUPLICATE_METHOD_MATCH = YES;
				CODE_SIGN_IDENTITY = "iPhone Developer";
				COPY_PHASE_STRIP = NO;
				DEBUG_INFORMATION_FORMAT = dwarf;
				ENABLE_STRICT_OBJC_MSGSEND = YES;
				ENABLE_TESTABILITY = YES;
				GCC_C_LANGUAGE_STANDARD = gnu11;
				GCC_DYNAMIC_NO_PIC = NO;
				GCC_NO_COMMON_BLOCKS = YES;
				GCC_OPTIMIZATION_LEVEL = 0;
				GCC_PREPROCESSOR_DEFINITIONS = (
					"DEBUG=1",
					"$(inherited)",
				);
				GCC_WARN_64_TO_32_BIT_CONVERSION = YES;
				GCC_WARN_ABOUT_RETURN_TYPE = YES_ERROR;
				GCC_WARN_UNDECLARED_SELECTOR = YES;
				GCC_WARN_UNINITIALIZED_AUTOS = YES_AGGRESSIVE;
				GCC_WARN_UNUSED_FUNCTION = YES;
				GCC_WARN_UNUSED_VARIABLE = YES;
				IPHONEOS_DEPLOYMENT_TARGET = 11.4;
				MTL_ENABLE_DEBUG_INFO = YES;
				ONLY_ACTIVE_ARCH = YES;
				SDKROOT = iphoneos;
			};
			name = Debug;
		};
		1DAC8CFC20C916FF00687320 /* Release */ = {
			isa = XCBuildConfiguration;
			buildSettings = {
				ALWAYS_SEARCH_USER_PATHS = NO;
				CLANG_ANALYZER_NONNULL = YES;
				CLANG_ANALYZER_NUMBER_OBJECT_CONVERSION = YES_AGGRESSIVE;
				CLANG_CXX_LANGUAGE_STANDARD = "gnu++14";
				CLANG_CXX_LIBRARY = "libc++";
				CLANG_ENABLE_MODULES = YES;
				CLANG_ENABLE_OBJC_ARC = YES;
				CLANG_ENABLE_OBJC_WEAK = YES;
				CLANG_WARN_BLOCK_CAPTURE_AUTORELEASING = YES;
				CLANG_WARN_BOOL_CONVERSION = YES;
				CLANG_WARN_COMMA = YES;
				CLANG_WARN_CONSTANT_CONVERSION = YES;
				CLANG_WARN_DEPRECATED_OBJC_IMPLEMENTATIONS = YES;
				CLANG_WARN_DIRECT_OBJC_ISA_USAGE = YES_ERROR;
				CLANG_WARN_DOCUMENTATION_COMMENTS = YES;
				CLANG_WARN_EMPTY_BODY = YES;
				CLANG_WARN_ENUM_CONVERSION = YES;
				CLANG_WARN_INFINITE_RECURSION = YES;
				CLANG_WARN_INT_CONVERSION = YES;
				CLANG_WARN_NON_LITERAL_NULL_CONVERSION = YES;
				CLANG_WARN_OBJC_IMPLICIT_RETAIN_SELF = YES;
				CLANG_WARN_OBJC_LITERAL_CONVERSION = YES;
				CLANG_WARN_OBJC_ROOT_CLASS = YES_ERROR;
				CLANG_WARN_RANGE_LOOP_ANALYSIS = YES;
				CLANG_WARN_STRICT_PROTOTYPES = YES;
				CLANG_WARN_SUSPICIOUS_MOVE = YES;
				CLANG_WARN_UNGUARDED_AVAILABILITY = YES_AGGRESSIVE;
				CLANG_WARN_UNREACHABLE_CODE = YES;
				CLANG_WARN__DUPLICATE_METHOD_MATCH = YES;
				CODE_SIGN_IDENTITY = "iPhone Developer";
				COPY_PHASE_STRIP = NO;
				DEBUG_INFORMATION_FORMAT = "dwarf-with-dsym";
				ENABLE_NS_ASSERTIONS = NO;
				ENABLE_STRICT_OBJC_MSGSEND = YES;
				GCC_C_LANGUAGE_STANDARD = gnu11;
				GCC_NO_COMMON_BLOCKS = YES;
				GCC_WARN_64_TO_32_BIT_CONVERSION = YES;
				GCC_WARN_ABOUT_RETURN_TYPE = YES_ERROR;
				GCC_WARN_UNDECLARED_SELECTOR = YES;
				GCC_WARN_UNINITIALIZED_AUTOS = YES_AGGRESSIVE;
				GCC_WARN_UNUSED_FUNCTION = YES;
				GCC_WARN_UNUSED_VARIABLE = YES;
				IPHONEOS_DEPLOYMENT_TARGET = 11.4;
				MTL_ENABLE_DEBUG_INFO = NO;
				SDKROOT = iphoneos;
				VALIDATE_PRODUCT = YES;
			};
			name = Release;
		};
		1DAC8CFE20C916FF00687320 /* Debug */ = {
			isa = XCBuildConfiguration;
			baseConfigurationReference = 22FA079D8998E9380B05ABAF /* Pods-BKCycleScrollView.debug.xcconfig */;
			buildSettings = {
				ASSETCATALOG_COMPILER_APPICON_NAME = AppIcon;
				ASSETCATALOG_COMPILER_LAUNCHIMAGE_NAME = LaunchImage;
				CODE_SIGN_STYLE = Automatic;
				DEVELOPMENT_TEAM = 779S864B3K;
				INFOPLIST_FILE = "$(SRCROOT)/BKCycleScrollView/Supporting Files/Info.plist";
				IPHONEOS_DEPLOYMENT_TARGET = 8.0;
				LD_RUNPATH_SEARCH_PATHS = (
					"$(inherited)",
					"@executable_path/Frameworks",
				);
				PRODUCT_BUNDLE_IDENTIFIER = BIKE.BKCycleScrollView;
				PRODUCT_NAME = "$(TARGET_NAME)";
				TARGETED_DEVICE_FAMILY = 1;
			};
			name = Debug;
		};
		1DAC8CFF20C916FF00687320 /* Release */ = {
			isa = XCBuildConfiguration;
			baseConfigurationReference = 68424250A21FC54CFE779A6A /* Pods-BKCycleScrollView.release.xcconfig */;
			buildSettings = {
				ASSETCATALOG_COMPILER_APPICON_NAME = AppIcon;
				ASSETCATALOG_COMPILER_LAUNCHIMAGE_NAME = LaunchImage;
				CODE_SIGN_STYLE = Automatic;
				DEVELOPMENT_TEAM = 779S864B3K;
				INFOPLIST_FILE = "$(SRCROOT)/BKCycleScrollView/Supporting Files/Info.plist";
				IPHONEOS_DEPLOYMENT_TARGET = 8.0;
				LD_RUNPATH_SEARCH_PATHS = (
					"$(inherited)",
					"@executable_path/Frameworks",
				);
				PRODUCT_BUNDLE_IDENTIFIER = BIKE.BKCycleScrollView;
				PRODUCT_NAME = "$(TARGET_NAME)";
				TARGETED_DEVICE_FAMILY = 1;
			};
			name = Release;
		};
/* End XCBuildConfiguration section */

/* Begin XCConfigurationList section */
		1DAC8CE220C916FE00687320 /* Build configuration list for PBXProject "BKCycleScrollView" */ = {
			isa = XCConfigurationList;
			buildConfigurations = (
				1DAC8CFB20C916FF00687320 /* Debug */,
				1DAC8CFC20C916FF00687320 /* Release */,
			);
			defaultConfigurationIsVisible = 0;
			defaultConfigurationName = Release;
		};
		1DAC8CFD20C916FF00687320 /* Build configuration list for PBXNativeTarget "BKCycleScrollView" */ = {
			isa = XCConfigurationList;
			buildConfigurations = (
				1DAC8CFE20C916FF00687320 /* Debug */,
				1DAC8CFF20C916FF00687320 /* Release */,
			);
			defaultConfigurationIsVisible = 0;
			defaultConfigurationName = Release;
		};
/* End XCConfigurationList section */
	};
	rootObject = 1DAC8CDF20C916FE00687320 /* Project object */;
}
